
Microsoft Visual Studio Solution File, Format Version 12.00
# Visual Studio Version 17
VisualStudioVersion = 17.8.34525.116
MinimumVisualStudioVersion = 10.0.40219.1
Project("{FAE04EC0-301F-11D3-BF4B-00C04F79EFBC}") = "webApiPractica", "webApiPractica\webApiPractica.csproj", "{0E839E24-C2C3-4F8F-811A-3618648676F9}"
EndProject
Global
	GlobalSection(SolutionConfigurationPlatforms) = preSolution
		Debug|Any CPU = Debug|Any CPU
		Release|Any CPU = Release|Any CPU
	EndGlobalSection
	GlobalSection(ProjectConfigurationPlatforms) = postSolution
		{0E839E24-C2C3-4F8F-811A-3618648676F9}.Debug|Any CPU.ActiveCfg = Debug|Any CPU
		{0E839E24-C2C3-4F8F-811A-3618648676F9}.Debug|Any CPU.Build.0 = Debug|Any CPU
		{0E839E24-C2C3-4F8F-811A-3618648676F9}.Release|Any CPU.ActiveCfg = Release|Any CPU
		{0E839E24-C2C3-4F8F-811A-3618648676F9}.Release|Any CPU.Build.0 = Release|Any CPU
	EndGlobalSection
	GlobalSection(SolutionProperties) = preSolution
		HideSolutionNode = FALSE
	EndGlobalSection
	GlobalSection(ExtensibilityGlobals) = postSolution
		SolutionGuid = {660047D6-E02D-47BC-9D0C-BED1367E636F}
	EndGlobalSection
EndGlobal
